
Microsoft Visual Studio Solution File, Format Version 12.00
# Visual Studio 14
VisualStudioVersion = 14.0.25420.1
MinimumVisualStudioVersion = 10.0.40219.1
Project("{8BC9CEB8-8B4A-11D0-8D11-00A0C91BC942}") = "StateMachineNew", "StateMachineNew\StateMachineNew.vcxproj", "{EC741CF5-4F5D-4DAB-9C6E-82695D1815EB}"
EndProject
Project("{8BC9CEB8-8B4A-11D0-8D11-00A0C91BC942}") = "WelcomeToTheJungle", "WelcomeToTheJungle\WelcomeToTheJungle.vcxproj", "{C699151B-73B5-4EFA-8974-B21BB17A74B5}"
EndProject
Global
	GlobalSection(SolutionConfigurationPlatforms) = preSolution
		Debug|x64 = Debug|x64
		Debug|x86 = Debug|x86
		Release|x64 = Release|x64
		Release|x86 = Release|x86
	EndGlobalSection
	GlobalSection(ProjectConfigurationPlatforms) = postSolution
		{EC741CF5-4F5D-4DAB-9C6E-82695D1815EB}.Debug|x64.ActiveCfg = Debug|x64
		{EC741CF5-4F5D-4DAB-9C6E-82695D1815EB}.Debug|x64.Build.0 = Debug|x64
		{EC741CF5-4F5D-4DAB-9C6E-82695D1815EB}.Debug|x86.ActiveCfg = Debug|Win32
		{EC741CF5-4F5D-4DAB-9C6E-82695D1815EB}.Debug|x86.Build.0 = Debug|Win32
		{EC741CF5-4F5D-4DAB-9C6E-82695D1815EB}.Release|x64.ActiveCfg = Release|x64
		{EC741CF5-4F5D-4DAB-9C6E-82695D1815EB}.Release|x64.Build.0 = Release|x64
		{EC741CF5-4F5D-4DAB-9C6E-82695D1815EB}.Release|x86.ActiveCfg = Release|Win32
		{EC741CF5-4F5D-4DAB-9C6E-82695D1815EB}.Release|x86.Build.0 = Release|Win32
		{C699151B-73B5-4EFA-8974-B21BB17A74B5}.Debug|x64.ActiveCfg = Debug|x64
		{C699151B-73B5-4EFA-8974-B21BB17A74B5}.Debug|x64.Build.0 = Debug|x64
		{C699151B-73B5-4EFA-8974-B21BB17A74B5}.Debug|x86.ActiveCfg = Debug|Win32
		{C699151B-73B5-4EFA-8974-B21BB17A74B5}.Debug|x86.Build.0 = Debug|Win32
		{C699151B-73B5-4EFA-8974-B21BB17A74B5}.Release|x64.ActiveCfg = Release|x64
		{C699151B-73B5-4EFA-8974-B21BB17A74B5}.Release|x64.Build.0 = Release|x64
		{C699151B-73B5-4EFA-8974-B21BB17A74B5}.Release|x86.ActiveCfg = Release|Win32
		{C699151B-73B5-4EFA-8974-B21BB17A74B5}.Release|x86.Build.0 = Release|Win32
	EndGlobalSection
	GlobalSection(SolutionProperties) = preSolution
		HideSolutionNode = FALSE
	EndGlobalSection
EndGlobal
